
Microsoft Visual Studio Solution File, Format Version 12.00
# Visual Studio Version 17
VisualStudioVersion = 17.14.36908.2 d17.14
MinimumVisualStudioVersion = 10.0.40219.1
Project("{FAE04EC0-301F-11D3-BF4B-00C04F79EFBC}") = "oris hw1", "oris hw1.csproj", "{5B9ED06C-ECA2-7C9A-43B5-0383C0F57438}"
EndProject
Global
	GlobalSection(SolutionConfigurationPlatforms) = preSolution
		Debug|Any CPU = Debug|Any CPU
		Release|Any CPU = Release|Any CPU
	EndGlobalSection
	GlobalSection(ProjectConfigurationPlatforms) = postSolution
		{5B9ED06C-ECA2-7C9A-43B5-0383C0F57438}.Debug|Any CPU.ActiveCfg = Debug|Any CPU
		{5B9ED06C-ECA2-7C9A-43B5-0383C0F57438}.Debug|Any CPU.Build.0 = Debug|Any CPU
		{5B9ED06C-ECA2-7C9A-43B5-0383C0F57438}.Release|Any CPU.ActiveCfg = Release|Any CPU
		{5B9ED06C-ECA2-7C9A-43B5-0383C0F57438}.Release|Any CPU.Build.0 = Release|Any CPU
	EndGlobalSection
	GlobalSection(SolutionProperties) = preSolution
		HideSolutionNode = FALSE
	EndGlobalSection
	GlobalSection(ExtensibilityGlobals) = postSolution
		SolutionGuid = {5C6ACAEA-5414-463B-886A-CCAA85064F39}
	EndGlobalSection
EndGlobal
